{
  "name": "zajda-web",
  "version": "1.0.0",
  "lockfileVersion": 3,
  "requires": true,
  "packages": {
    "": {
      "name": "zajda-web",
      "version": "1.0.0",
      "dependencies": {
        "astro": "^4.0.0",
        "jsonwebtoken": "^9.0.2",
        "@astrojs/cloudflare": "^9.2.0"
      }
    },
    "node_modules/@astrojs/cloudflare": {
      "version": "9.2.0",
      "resolved": "https://registry.npmjs.org/@astrojs/cloudflare/-/cloudflare-9.2.0.tgz",
      "integrity": "sha512-aaaaaaaaaaaaaaaaaaaaaaaaaaaaaaaaaaaaaaaaaaaaaaaaaaaa"
    }
  }
}
